// !$*UTF8*$!
{
	archiveVersion = 1;
	classes = {
	};
	objectVersion = 50;
	objects = {

/* Begin PBXBuildFile section */
		338934CE7CE257E7F3004B71 /* Pods_news.framework in Frameworks */ = {isa = PBXBuildFile; fileRef = 11C95C372168E31A20BE6B91 /* Pods_news.framework */; };
		7D04DFAE22C3750F0090C636 /* SettingCell.swift in Sources */ = {isa = PBXBuildFile; fileRef = 7D04DFAC22C3750F0090C636 /* SettingCell.swift */; };
		7D04DFAF22C3750F0090C636 /* SettingCell.xib in Resources */ = {isa = PBXBuildFile; fileRef = 7D04DFAD22C3750F0090C636 /* SettingCell.xib */; };
		7D13E4F2233B6556008976C8 /* UserDetailHeaderView.swift in Sources */ = {isa = PBXBuildFile; fileRef = 7D13E4F1233B6556008976C8 /* UserDetailHeaderView.swift */; };
		7D13E4F4233B6601008976C8 /* UserDetailHeaderView.xib in Resources */ = {isa = PBXBuildFile; fileRef = 7D13E4F3233B6601008976C8 /* UserDetailHeaderView.xib */; };
		7D18923023617A4000A9472B /* MyFisrtSectionCell.swift in Sources */ = {isa = PBXBuildFile; fileRef = 7D18922F23617A4000A9472B /* MyFisrtSectionCell.swift */; };
		7D189232236190FB00A9472B /* UserDetail.swift in Sources */ = {isa = PBXBuildFile; fileRef = 7D189231236190FB00A9472B /* UserDetail.swift */; };
		7D1DCC0622CF35C100119CB7 /* HomeNewsTitle.swift in Sources */ = {isa = PBXBuildFile; fileRef = 7D1DCC0522CF35C100119CB7 /* HomeNewsTitle.swift */; };
		7D1DCC0A22CF396E00119CB7 /* OfflineSectionHeader.swift in Sources */ = {isa = PBXBuildFile; fileRef = 7D1DCC0922CF396E00119CB7 /* OfflineSectionHeader.swift */; };
		7D1DCC0C22CF3F5C00119CB7 /* SQLiteManager.swift in Sources */ = {isa = PBXBuildFile; fileRef = 7D1DCC0B22CF3F5C00119CB7 /* SQLiteManager.swift */; };
		7D1DCC0E22CF3FDC00119CB7 /* libsqlite3.0.tbd in Frameworks */ = {isa = PBXBuildFile; fileRef = 7D1DCC0D22CF3FDC00119CB7 /* libsqlite3.0.tbd */; };
		7D26294F2366CF10002234D6 /* Calculate.swift in Sources */ = {isa = PBXBuildFile; fileRef = 7D26294E2366CF10002234D6 /* Calculate.swift */; };
		7D2629512366CFC8002234D6 /* NewsModel.swift in Sources */ = {isa = PBXBuildFile; fileRef = 7D2629502366CFC8002234D6 /* NewsModel.swift */; };
		7D2629532366D03F002234D6 /* Emoji.swift in Sources */ = {isa = PBXBuildFile; fileRef = 7D2629522366D03F002234D6 /* Emoji.swift */; };
		7D2629552366D379002234D6 /* Foundation+Extension.swift in Sources */ = {isa = PBXBuildFile; fileRef = 7D2629542366D379002234D6 /* Foundation+Extension.swift */; };
		7D2A7385229F7F3E0087DC5F /* MyCellModel.swift in Sources */ = {isa = PBXBuildFile; fileRef = 7D2A7384229F7F3E0087DC5F /* MyCellModel.swift */; };
		7D2A7392229FB87A0087DC5F /* MyOtherCell.swift in Sources */ = {isa = PBXBuildFile; fileRef = 7D2A7390229FB87A0087DC5F /* MyOtherCell.swift */; };
		7D2A7393229FB87A0087DC5F /* MyOtherCell.xib in Resources */ = {isa = PBXBuildFile; fileRef = 7D2A7391229FB87A0087DC5F /* MyOtherCell.xib */; };
		7D2A7397229FDBB30087DC5F /* MyFisrtSectionCell.xib in Resources */ = {isa = PBXBuildFile; fileRef = 7D2A7395229FDBB30087DC5F /* MyFisrtSectionCell.xib */; };
		7D2A739A22A508A00087DC5F /* MyConcernCell.swift in Sources */ = {isa = PBXBuildFile; fileRef = 7D2A739822A508A00087DC5F /* MyConcernCell.swift */; };
		7D2A739B22A508A00087DC5F /* MyConcernCell.xib in Resources */ = {isa = PBXBuildFile; fileRef = 7D2A739922A508A00087DC5F /* MyConcernCell.xib */; };
		7D2A739D22A5FEF90087DC5F /* NoLoginHeaderView.swift in Sources */ = {isa = PBXBuildFile; fileRef = 7D2A739C22A5FEF90087DC5F /* NoLoginHeaderView.swift */; };
		7D2A739F22A5FF7F0087DC5F /* NoLoginHeaderView.xib in Resources */ = {isa = PBXBuildFile; fileRef = 7D2A739E22A5FF7F0087DC5F /* NoLoginHeaderView.xib */; };
		7D2A73A122A66FE00087DC5F /* MyTheme.swift in Sources */ = {isa = PBXBuildFile; fileRef = 7D2A73A022A66FE00087DC5F /* MyTheme.swift */; };
		7D2A73A422A6719E0087DC5F /* default_theme.plist in Resources */ = {isa = PBXBuildFile; fileRef = 7D2A73A322A6719E0087DC5F /* default_theme.plist */; };
		7D2A73A622A671B60087DC5F /* night_theme.plist in Resources */ = {isa = PBXBuildFile; fileRef = 7D2A73A522A671B60087DC5F /* night_theme.plist */; };
		7D2A73A822A90D7E0087DC5F /* MoreLoginViewController.swift in Sources */ = {isa = PBXBuildFile; fileRef = 7D2A73A722A90D7D0087DC5F /* MoreLoginViewController.swift */; };
		7D2A73AA22A90E320087DC5F /* MoreLoginViewController.storyboard in Resources */ = {isa = PBXBuildFile; fileRef = 7D2A73A922A90E320087DC5F /* MoreLoginViewController.storyboard */; };
		7DB696032338B4F700CE7BE1 /* UserDetailViewController.swift in Sources */ = {isa = PBXBuildFile; fileRef = 7DB696012338B4F700CE7BE1 /* UserDetailViewController.swift */; };
		7DB696042338B4F700CE7BE1 /* UserDetailViewController.xib in Resources */ = {isa = PBXBuildFile; fileRef = 7DB696022338B4F700CE7BE1 /* UserDetailViewController.xib */; };
		7DB8D78922BA0DDA00A43619 /* SettingViewController.swift in Sources */ = {isa = PBXBuildFile; fileRef = 7DB8D78822BA0DDA00A43619 /* SettingViewController.swift */; };
		7DB8D78B22BA19B400A43619 /* settingPlist.plist in Resources */ = {isa = PBXBuildFile; fileRef = 7DB8D78A22BA19B400A43619 /* settingPlist.plist */; };
		7DB8D78D22BA2DA900A43619 /* SettingModel.swift in Sources */ = {isa = PBXBuildFile; fileRef = 7DB8D78C22BA2DA900A43619 /* SettingModel.swift */; };
		7DCEBF2E22CDFFAA00437D67 /* OfflineDownloadController.swift in Sources */ = {isa = PBXBuildFile; fileRef = 7DCEBF2D22CDFFAA00437D67 /* OfflineDownloadController.swift */; };
		7DCEBF3122CE001100437D67 /* OfflineDownlaodCell.swift in Sources */ = {isa = PBXBuildFile; fileRef = 7DCEBF2F22CE001100437D67 /* OfflineDownlaodCell.swift */; };
		7DCEBF3222CE001100437D67 /* OfflineDownlaodCell.xib in Resources */ = {isa = PBXBuildFile; fileRef = 7DCEBF3022CE001100437D67 /* OfflineDownlaodCell.xib */; };
		7DFAF5212295372000E4C5F9 /* NetworkTool.swift in Sources */ = {isa = PBXBuildFile; fileRef = 7DFAF5202295372000E4C5F9 /* NetworkTool.swift */; };
		7DFAF52322954C1600E4C5F9 /* Const.swift in Sources */ = {isa = PBXBuildFile; fileRef = 7DFAF52222954C1600E4C5F9 /* Const.swift */; };
		7DFAF52B22954D9200E4C5F9 /* UIKit+Extension.swift in Sources */ = {isa = PBXBuildFile; fileRef = 7DFAF52722954D9100E4C5F9 /* UIKit+Extension.swift */; };
		EF2505AA221E652000A4DD82 /* Main.storyboard in Resources */ = {isa = PBXBuildFile; fileRef = EF2505A8221E652000A4DD82 /* Main.storyboard */; };
		EF2505AC221E652100A4DD82 /* Assets.xcassets in Resources */ = {isa = PBXBuildFile; fileRef = EF2505AB221E652100A4DD82 /* Assets.xcassets */; };
		EF2505AF221E652100A4DD82 /* LaunchScreen.storyboard in Resources */ = {isa = PBXBuildFile; fileRef = EF2505AD221E652100A4DD82 /* LaunchScreen.storyboard */; };
		EF2505BA221E652100A4DD82 /* newsTests.swift in Sources */ = {isa = PBXBuildFile; fileRef = EF2505B9221E652100A4DD82 /* newsTests.swift */; };
		EF2505C5221E652100A4DD82 /* newsUITests.swift in Sources */ = {isa = PBXBuildFile; fileRef = EF2505C4221E652100A4DD82 /* newsUITests.swift */; };
		EF332FEB221E749F003082B2 /* HomeViewController.swift in Sources */ = {isa = PBXBuildFile; fileRef = EF332FCF221E749F003082B2 /* HomeViewController.swift */; };
		EF332FEC221E749F003082B2 /* VideoViewController.swift in Sources */ = {isa = PBXBuildFile; fileRef = EF332FD4221E749F003082B2 /* VideoViewController.swift */; };
		EF332FED221E749F003082B2 /* HuoshanViewController.swift in Sources */ = {isa = PBXBuildFile; fileRef = EF332FD9221E749F003082B2 /* HuoshanViewController.swift */; };
		EF332FEE221E749F003082B2 /* AppDelegate.swift in Sources */ = {isa = PBXBuildFile; fileRef = EF332FDD221E749F003082B2 /* AppDelegate.swift */; };
		EF332FF0221E749F003082B2 /* MineViewController.swift in Sources */ = {isa = PBXBuildFile; fileRef = EF332FE1221E749F003082B2 /* MineViewController.swift */; };
		EF332FF1221E749F003082B2 /* MyTabBarController.swift in Sources */ = {isa = PBXBuildFile; fileRef = EF332FE6221E749F003082B2 /* MyTabBarController.swift */; };
		EF332FF2221E749F003082B2 /* MyNavigationController.swift in Sources */ = {isa = PBXBuildFile; fileRef = EF332FE7221E749F003082B2 /* MyNavigationController.swift */; };
		EF332FF3221E749F003082B2 /* MyTabBar.swift in Sources */ = {isa = PBXBuildFile; fileRef = EF332FEA221E749F003082B2 /* MyTabBar.swift */; };
/* End PBXBuildFile section */

/* Begin PBXContainerItemProxy section */
		EF2505B6221E652100A4DD82 /* PBXContainerItemProxy */ = {
			isa = PBXContainerItemProxy;
			containerPortal = EF250599221E652000A4DD82 /* Project object */;
			proxyType = 1;
			remoteGlobalIDString = EF2505A0221E652000A4DD82;
			remoteInfo = news;
		};
		EF2505C1221E652100A4DD82 /* PBXContainerItemProxy */ = {
			isa = PBXContainerItemProxy;
			containerPortal = EF250599221E652000A4DD82 /* Project object */;
			proxyType = 1;
			remoteGlobalIDString = EF2505A0221E652000A4DD82;
			remoteInfo = news;
		};
/* End PBXContainerItemProxy section */

/* Begin PBXFileReference section */
		0D3868653846BC3451C8C1EB /* Pods-news.debug.xcconfig */ = {isa = PBXFileReference; includeInIndex = 1; lastKnownFileType = text.xcconfig; name = "Pods-news.debug.xcconfig"; path = "Pods/Target Support Files/Pods-news/Pods-news.debug.xcconfig"; sourceTree = "<group>"; };
		11C95C372168E31A20BE6B91 /* Pods_news.framework */ = {isa = PBXFileReference; explicitFileType = wrapper.framework; includeInIndex = 0; path = Pods_news.framework; sourceTree = BUILT_PRODUCTS_DIR; };
		32325F36FE8F9EB28A38750C /* Pods-news.release.xcconfig */ = {isa = PBXFileReference; includeInIndex = 1; lastKnownFileType = text.xcconfig; name = "Pods-news.release.xcconfig"; path = "Pods/Target Support Files/Pods-news/Pods-news.release.xcconfig"; sourceTree = "<group>"; };
		7D04DFAC22C3750F0090C636 /* SettingCell.swift */ = {isa = PBXFileReference; lastKnownFileType = sourcecode.swift; name = SettingCell.swift; path = news/Classes/Mine/Model/SettingCell.swift; sourceTree = SOURCE_ROOT; };
		7D04DFAD22C3750F0090C636 /* SettingCell.xib */ = {isa = PBXFileReference; lastKnownFileType = file.xib; name = SettingCell.xib; path = news/Classes/Mine/Model/SettingCell.xib; sourceTree = SOURCE_ROOT; };
		7D13E4F1233B6556008976C8 /* UserDetailHeaderView.swift */ = {isa = PBXFileReference; lastKnownFileType = sourcecode.swift; name = UserDetailHeaderView.swift; path = news/Classes/Mine/Controller/UserDetailHeaderView.swift; sourceTree = SOURCE_ROOT; };
		7D13E4F3233B6601008976C8 /* UserDetailHeaderView.xib */ = {isa = PBXFileReference; lastKnownFileType = file.xib; name = UserDetailHeaderView.xib; path = news/Classes/Mine/Controller/UserDetailHeaderView.xib; sourceTree = SOURCE_ROOT; };
		7D18922F23617A4000A9472B /* MyFisrtSectionCell.swift */ = {isa = PBXFileReference; lastKnownFileType = sourcecode.swift; name = MyFisrtSectionCell.swift; path = news/Classes/Mine/Controller/MyFisrtSectionCell.swift; sourceTree = SOURCE_ROOT; };
		7D189231236190FB00A9472B /* UserDetail.swift */ = {isa = PBXFileReference; lastKnownFileType = sourcecode.swift; path = UserDetail.swift; sourceTree = "<group>"; };
		7D1DCC0522CF35C100119CB7 /* HomeNewsTitle.swift */ = {isa = PBXFileReference; lastKnownFileType = sourcecode.swift; name = HomeNewsTitle.swift; path = news/Classes/Mine/Controller/HomeNewsTitle.swift; sourceTree = SOURCE_ROOT; };
		7D1DCC0922CF396E00119CB7 /* OfflineSectionHeader.swift */ = {isa = PBXFileReference; lastKnownFileType = sourcecode.swift; name = OfflineSectionHeader.swift; path = news/Classes/Mine/Controller/OfflineSectionHeader.swift; sourceTree = SOURCE_ROOT; };
		7D1DCC0B22CF3F5C00119CB7 /* SQLiteManager.swift */ = {isa = PBXFileReference; lastKnownFileType = sourcecode.swift; path = SQLiteManager.swift; sourceTree = "<group>"; };
		7D1DCC0D22CF3FDC00119CB7 /* libsqlite3.0.tbd */ = {isa = PBXFileReference; lastKnownFileType = "sourcecode.text-based-dylib-definition"; name = libsqlite3.0.tbd; path = usr/lib/libsqlite3.0.tbd; sourceTree = SDKROOT; };
		7D26294E2366CF10002234D6 /* Calculate.swift */ = {isa = PBXFileReference; lastKnownFileType = sourcecode.swift; path = Calculate.swift; sourceTree = "<group>"; };
		7D2629502366CFC8002234D6 /* NewsModel.swift */ = {isa = PBXFileReference; lastKnownFileType = sourcecode.swift; name = NewsModel.swift; path = news/Classes/Main/Tools/NewsModel.swift; sourceTree = SOURCE_ROOT; };
		7D2629522366D03F002234D6 /* Emoji.swift */ = {isa = PBXFileReference; lastKnownFileType = sourcecode.swift; path = Emoji.swift; sourceTree = "<group>"; };
		7D2629542366D379002234D6 /* Foundation+Extension.swift */ = {isa = PBXFileReference; lastKnownFileType = sourcecode.swift; path = "Foundation+Extension.swift"; sourceTree = "<group>"; };
		7D2A7384229F7F3E0087DC5F /* MyCellModel.swift */ = {isa = PBXFileReference; fileEncoding = 4; lastKnownFileType = sourcecode.swift; path = MyCellModel.swift; sourceTree = "<group>"; };
		7D2A7390229FB87A0087DC5F /* MyOtherCell.swift */ = {isa = PBXFileReference; lastKnownFileType = sourcecode.swift; name = MyOtherCell.swift; path = news/Classes/Main/Extension/MyOtherCell.swift; sourceTree = SOURCE_ROOT; };
		7D2A7391229FB87A0087DC5F /* MyOtherCell.xib */ = {isa = PBXFileReference; lastKnownFileType = file.xib; name = MyOtherCell.xib; path = news/Classes/Main/Extension/MyOtherCell.xib; sourceTree = SOURCE_ROOT; };
		7D2A7395229FDBB30087DC5F /* MyFisrtSectionCell.xib */ = {isa = PBXFileReference; lastKnownFileType = file.xib; name = MyFisrtSectionCell.xib; path = news/Classes/Main/Extension/MyFisrtSectionCell.xib; sourceTree = SOURCE_ROOT; };
		7D2A739822A508A00087DC5F /* MyConcernCell.swift */ = {isa = PBXFileReference; lastKnownFileType = sourcecode.swift; name = MyConcernCell.swift; path = news/Classes/Main/Extension/MyConcernCell.swift; sourceTree = SOURCE_ROOT; };
		7D2A739922A508A00087DC5F /* MyConcernCell.xib */ = {isa = PBXFileReference; lastKnownFileType = file.xib; name = MyConcernCell.xib; path = news/Classes/Main/Extension/MyConcernCell.xib; sourceTree = SOURCE_ROOT; };
		7D2A739C22A5FEF90087DC5F /* NoLoginHeaderView.swift */ = {isa = PBXFileReference; lastKnownFileType = sourcecode.swift; name = NoLoginHeaderView.swift; path = news/Classes/Main/Extension/NoLoginHeaderView.swift; sourceTree = SOURCE_ROOT; };
		7D2A739E22A5FF7F0087DC5F /* NoLoginHeaderView.xib */ = {isa = PBXFileReference; lastKnownFileType = file.xib; name = NoLoginHeaderView.xib; path = news/Classes/Main/Extension/NoLoginHeaderView.xib; sourceTree = SOURCE_ROOT; };
		7D2A73A022A66FE00087DC5F /* MyTheme.swift */ = {isa = PBXFileReference; lastKnownFileType = sourcecode.swift; path = MyTheme.swift; sourceTree = "<group>"; };
		7D2A73A322A6719E0087DC5F /* default_theme.plist */ = {isa = PBXFileReference; lastKnownFileType = text.plist.xml; path = default_theme.plist; sourceTree = "<group>"; };
		7D2A73A522A671B60087DC5F /* night_theme.plist */ = {isa = PBXFileReference; lastKnownFileType = text.plist.xml; path = night_theme.plist; sourceTree = "<group>"; };
		7D2A73A722A90D7D0087DC5F /* MoreLoginViewController.swift */ = {isa = PBXFileReference; lastKnownFileType = sourcecode.swift; path = MoreLoginViewController.swift; sourceTree = "<group>"; };
		7D2A73A922A90E320087DC5F /* MoreLoginViewController.storyboard */ = {isa = PBXFileReference; lastKnownFileType = file.storyboard; path = MoreLoginViewController.storyboard; sourceTree = "<group>"; };
		7DB696012338B4F700CE7BE1 /* UserDetailViewController.swift */ = {isa = PBXFileReference; lastKnownFileType = sourcecode.swift; path = UserDetailViewController.swift; sourceTree = "<group>"; };
		7DB696022338B4F700CE7BE1 /* UserDetailViewController.xib */ = {isa = PBXFileReference; lastKnownFileType = file.xib; path = UserDetailViewController.xib; sourceTree = "<group>"; };
		7DB8D78822BA0DDA00A43619 /* SettingViewController.swift */ = {isa = PBXFileReference; lastKnownFileType = sourcecode.swift; path = SettingViewController.swift; sourceTree = "<group>"; };
		7DB8D78A22BA19B400A43619 /* settingPlist.plist */ = {isa = PBXFileReference; lastKnownFileType = text.plist.xml; path = settingPlist.plist; sourceTree = "<group>"; };
		7DB8D78C22BA2DA900A43619 /* SettingModel.swift */ = {isa = PBXFileReference; lastKnownFileType = sourcecode.swift; path = SettingModel.swift; sourceTree = "<group>"; };
		7DCEBF2D22CDFFAA00437D67 /* OfflineDownloadController.swift */ = {isa = PBXFileReference; lastKnownFileType = sourcecode.swift; path = OfflineDownloadController.swift; sourceTree = "<group>"; };
		7DCEBF2F22CE001100437D67 /* OfflineDownlaodCell.swift */ = {isa = PBXFileReference; lastKnownFileType = sourcecode.swift; name = OfflineDownlaodCell.swift; path = news/Classes/Mine/Controller/OfflineDownlaodCell.swift; sourceTree = SOURCE_ROOT; };
		7DCEBF3022CE001100437D67 /* OfflineDownlaodCell.xib */ = {isa = PBXFileReference; lastKnownFileType = file.xib; name = OfflineDownlaodCell.xib; path = news/Classes/Mine/Controller/OfflineDownlaodCell.xib; sourceTree = SOURCE_ROOT; };
		7DFAF5202295372000E4C5F9 /* NetworkTool.swift */ = {isa = PBXFileReference; lastKnownFileType = sourcecode.swift; path = NetworkTool.swift; sourceTree = "<group>"; };
		7DFAF52222954C1600E4C5F9 /* Const.swift */ = {isa = PBXFileReference; lastKnownFileType = sourcecode.swift; path = Const.swift; sourceTree = "<group>"; };
		7DFAF52722954D9100E4C5F9 /* UIKit+Extension.swift */ = {isa = PBXFileReference; fileEncoding = 4; lastKnownFileType = sourcecode.swift; path = "UIKit+Extension.swift"; sourceTree = "<group>"; };
		9BCA16CE34DC7A0EA15735F6 /* Pods_newsUITests.framework */ = {isa = PBXFileReference; explicitFileType = wrapper.framework; includeInIndex = 0; path = Pods_newsUITests.framework; sourceTree = BUILT_PRODUCTS_DIR; };
		B5A9F380E579E847F150C1CF /* Pods_newsTests.framework */ = {isa = PBXFileReference; explicitFileType = wrapper.framework; includeInIndex = 0; path = Pods_newsTests.framework; sourceTree = BUILT_PRODUCTS_DIR; };
		EF2505A1221E652000A4DD82 /* news.app */ = {isa = PBXFileReference; explicitFileType = wrapper.application; includeInIndex = 0; path = news.app; sourceTree = BUILT_PRODUCTS_DIR; };
		EF2505A9221E652000A4DD82 /* Base */ = {isa = PBXFileReference; lastKnownFileType = file.storyboard; name = Base; path = Base.lproj/Main.storyboard; sourceTree = "<group>"; };
		EF2505AB221E652100A4DD82 /* Assets.xcassets */ = {isa = PBXFileReference; lastKnownFileType = folder.assetcatalog; path = Assets.xcassets; sourceTree = "<group>"; };
		EF2505AE221E652100A4DD82 /* Base */ = {isa = PBXFileReference; lastKnownFileType = file.storyboard; name = Base; path = Base.lproj/LaunchScreen.storyboard; sourceTree = "<group>"; };
		EF2505B5221E652100A4DD82 /* newsTests.xctest */ = {isa = PBXFileReference; explicitFileType = wrapper.cfbundle; includeInIndex = 0; path = newsTests.xctest; sourceTree = BUILT_PRODUCTS_DIR; };
		EF2505B9221E652100A4DD82 /* newsTests.swift */ = {isa = PBXFileReference; lastKnownFileType = sourcecode.swift; path = newsTests.swift; sourceTree = "<group>"; };
		EF2505BB221E652100A4DD82 /* Info.plist */ = {isa = PBXFileReference; lastKnownFileType = text.plist.xml; path = Info.plist; sourceTree = "<group>"; };
		EF2505C0221E652100A4DD82 /* newsUITests.xctest */ = {isa = PBXFileReference; explicitFileType = wrapper.cfbundle; includeInIndex = 0; path = newsUITests.xctest; sourceTree = BUILT_PRODUCTS_DIR; };
		EF2505C4221E652100A4DD82 /* newsUITests.swift */ = {isa = PBXFileReference; lastKnownFileType = sourcecode.swift; path = newsUITests.swift; sourceTree = "<group>"; };
		EF2505C6221E652100A4DD82 /* Info.plist */ = {isa = PBXFileReference; lastKnownFileType = text.plist.xml; path = Info.plist; sourceTree = "<group>"; };
		EF332FCF221E749F003082B2 /* HomeViewController.swift */ = {isa = PBXFileReference; fileEncoding = 4; lastKnownFileType = sourcecode.swift; path = HomeViewController.swift; sourceTree = "<group>"; };
		EF332FD4221E749F003082B2 /* VideoViewController.swift */ = {isa = PBXFileReference; fileEncoding = 4; lastKnownFileType = sourcecode.swift; path = VideoViewController.swift; sourceTree = "<group>"; };
		EF332FD9221E749F003082B2 /* HuoshanViewController.swift */ = {isa = PBXFileReference; fileEncoding = 4; lastKnownFileType = sourcecode.swift; path = HuoshanViewController.swift; sourceTree = "<group>"; };
		EF332FDD221E749F003082B2 /* AppDelegate.swift */ = {isa = PBXFileReference; fileEncoding = 4; lastKnownFileType = sourcecode.swift; path = AppDelegate.swift; sourceTree = "<group>"; };
		EF332FDE221E749F003082B2 /* Info.plist */ = {isa = PBXFileReference; fileEncoding = 4; lastKnownFileType = text.plist.xml; path = Info.plist; sourceTree = "<group>"; };
		EF332FE1221E749F003082B2 /* MineViewController.swift */ = {isa = PBXFileReference; fileEncoding = 4; lastKnownFileType = sourcecode.swift; path = MineViewController.swift; sourceTree = "<group>"; };
		EF332FE6221E749F003082B2 /* MyTabBarController.swift */ = {isa = PBXFileReference; fileEncoding = 4; lastKnownFileType = sourcecode.swift; path = MyTabBarController.swift; sourceTree = "<group>"; };
		EF332FE7221E749F003082B2 /* MyNavigationController.swift */ = {isa = PBXFileReference; fileEncoding = 4; lastKnownFileType = sourcecode.swift; path = MyNavigationController.swift; sourceTree = "<group>"; };
		EF332FEA221E749F003082B2 /* MyTabBar.swift */ = {isa = PBXFileReference; fileEncoding = 4; lastKnownFileType = sourcecode.swift; path = MyTabBar.swift; sourceTree = "<group>"; };
/* End PBXFileReference section */

/* Begin PBXFrameworksBuildPhase section */
		EF25059E221E652000A4DD82 /* Frameworks */ = {
			isa = PBXFrameworksBuildPhase;
			buildActionMask = 2147483647;
			files = (
				7D1DCC0E22CF3FDC00119CB7 /* libsqlite3.0.tbd in Frameworks */,
				338934CE7CE257E7F3004B71 /* Pods_news.framework in Frameworks */,
			);
			runOnlyForDeploymentPostprocessing = 0;
		};
		EF2505B2221E652100A4DD82 /* Frameworks */ = {
			isa = PBXFrameworksBuildPhase;
			buildActionMask = 2147483647;
			files = (
			);
			runOnlyForDeploymentPostprocessing = 0;
		};
		EF2505BD221E652100A4DD82 /* Frameworks */ = {
			isa = PBXFrameworksBuildPhase;
			buildActionMask = 2147483647;
			files = (
			);
			runOnlyForDeploymentPostprocessing = 0;
		};
/* End PBXFrameworksBuildPhase section */

/* Begin PBXGroup section */
		03FA70A5CE2441F2906DC312 /* Pods */ = {
			isa = PBXGroup;
			children = (
				0D3868653846BC3451C8C1EB /* Pods-news.debug.xcconfig */,
				32325F36FE8F9EB28A38750C /* Pods-news.release.xcconfig */,
			);
			name = Pods;
			sourceTree = "<group>";
		};
		7D2A73A222A6718B0087DC5F /* Theme */ = {
			isa = PBXGroup;
			children = (
				7D2A73A322A6719E0087DC5F /* default_theme.plist */,
				7D2A73A522A671B60087DC5F /* night_theme.plist */,
			);
			path = Theme;
			sourceTree = "<group>";
		};
		7DFAF51B2295335100E4C5F9 /* Tools */ = {
			isa = PBXGroup;
			children = (
				7DFAF5202295372000E4C5F9 /* NetworkTool.swift */,
				7D2A73A022A66FE00087DC5F /* MyTheme.swift */,
				7D1DCC0B22CF3F5C00119CB7 /* SQLiteManager.swift */,
				7D26294E2366CF10002234D6 /* Calculate.swift */,
				7D2629522366D03F002234D6 /* Emoji.swift */,
			);
			path = Tools;
			sourceTree = "<group>";
		};
		7DFAF52422954D9100E4C5F9 /* Extension */ = {
			isa = PBXGroup;
			children = (
				7DFAF52722954D9100E4C5F9 /* UIKit+Extension.swift */,
				7D2629542366D379002234D6 /* Foundation+Extension.swift */,
			);
			path = Extension;
			sourceTree = "<group>";
		};
		BE398B2C1BE69BA41B028538 /* Frameworks */ = {
			isa = PBXGroup;
			children = (
				7D1DCC0D22CF3FDC00119CB7 /* libsqlite3.0.tbd */,
				11C95C372168E31A20BE6B91 /* Pods_news.framework */,
				B5A9F380E579E847F150C1CF /* Pods_newsTests.framework */,
				9BCA16CE34DC7A0EA15735F6 /* Pods_newsUITests.framework */,
			);
			name = Frameworks;
			sourceTree = "<group>";
		};
		EF250598221E652000A4DD82 = {
			isa = PBXGroup;
			children = (
				EF2505A3221E652000A4DD82 /* news */,
				EF2505B8221E652100A4DD82 /* newsTests */,
				EF2505C3221E652100A4DD82 /* newsUITests */,
				EF2505A2221E652000A4DD82 /* Products */,
				03FA70A5CE2441F2906DC312 /* Pods */,
				BE398B2C1BE69BA41B028538 /* Frameworks */,
			);
			sourceTree = "<group>";
		};
		EF2505A2221E652000A4DD82 /* Products */ = {
			isa = PBXGroup;
			children = (
				EF2505A1221E652000A4DD82 /* news.app */,
				EF2505B5221E652100A4DD82 /* newsTests.xctest */,
				EF2505C0221E652100A4DD82 /* newsUITests.xctest */,
			);
			name = Products;
			sourceTree = "<group>";
		};
		EF2505A3221E652000A4DD82 /* news */ = {
			isa = PBXGroup;
			children = (
				EF332FCC221E749F003082B2 /* Classes */,
				EF2505A8221E652000A4DD82 /* Main.storyboard */,
				EF2505AB221E652100A4DD82 /* Assets.xcassets */,
				EF2505AD221E652100A4DD82 /* LaunchScreen.storyboard */,
			);
			path = news;
			sourceTree = "<group>";
		};
		EF2505B8221E652100A4DD82 /* newsTests */ = {
			isa = PBXGroup;
			children = (
				EF2505B9221E652100A4DD82 /* newsTests.swift */,
				EF2505BB221E652100A4DD82 /* Info.plist */,
			);
			path = newsTests;
			sourceTree = "<group>";
		};
		EF2505C3221E652100A4DD82 /* newsUITests */ = {
			isa = PBXGroup;
			children = (
				EF2505C4221E652100A4DD82 /* newsUITests.swift */,
				EF2505C6221E652100A4DD82 /* Info.plist */,
			);
			path = newsUITests;
			sourceTree = "<group>";
		};
		EF332FCC221E749F003082B2 /* Classes */ = {
			isa = PBXGroup;
			children = (
				EF332FCD221E749F003082B2 /* Home */,
				EF332FD2221E749F003082B2 /* Video */,
				EF332FD7221E749F003082B2 /* Huoshan */,
				EF332FDC221E749F003082B2 /* Others */,
				EF332FDF221E749F003082B2 /* Mine */,
				EF332FE4221E749F003082B2 /* Main */,
			);
			path = Classes;
			sourceTree = "<group>";
		};
		EF332FCD221E749F003082B2 /* Home */ = {
			isa = PBXGroup;
			children = (
				EF332FCE221E749F003082B2 /* Controller */,
				EF332FD0221E749F003082B2 /* Model */,
				EF332FD1221E749F003082B2 /* View */,
			);
			path = Home;
			sourceTree = "<group>";
		};
		EF332FCE221E749F003082B2 /* Controller */ = {
			isa = PBXGroup;
			children = (
				EF332FCF221E749F003082B2 /* HomeViewController.swift */,
			);
			path = Controller;
			sourceTree = "<group>";
		};
		EF332FD0221E749F003082B2 /* Model */ = {
			isa = PBXGroup;
			children = (
				7D1DCC0522CF35C100119CB7 /* HomeNewsTitle.swift */,
				7D2629502366CFC8002234D6 /* NewsModel.swift */,
			);
			path = Model;
			sourceTree = "<group>";
		};
		EF332FD1221E749F003082B2 /* View */ = {
			isa = PBXGroup;
			children = (
			);
			path = View;
			sourceTree = "<group>";
		};
		EF332FD2221E749F003082B2 /* Video */ = {
			isa = PBXGroup;
			children = (
				EF332FD3221E749F003082B2 /* Controller */,
				EF332FD5221E749F003082B2 /* Model */,
				EF332FD6221E749F003082B2 /* View */,
			);
			path = Video;
			sourceTree = "<group>";
		};
		EF332FD3221E749F003082B2 /* Controller */ = {
			isa = PBXGroup;
			children = (
				EF332FD4221E749F003082B2 /* VideoViewController.swift */,
			);
			path = Controller;
			sourceTree = "<group>";
		};
		EF332FD5221E749F003082B2 /* Model */ = {
			isa = PBXGroup;
			children = (
			);
			path = Model;
			sourceTree = "<group>";
		};
		EF332FD6221E749F003082B2 /* View */ = {
			isa = PBXGroup;
			children = (
			);
			path = View;
			sourceTree = "<group>";
		};
		EF332FD7221E749F003082B2 /* Huoshan */ = {
			isa = PBXGroup;
			children = (
				EF332FD8221E749F003082B2 /* Controller */,
				EF332FDA221E749F003082B2 /* Model */,
				EF332FDB221E749F003082B2 /* View */,
			);
			path = Huoshan;
			sourceTree = "<group>";
		};
		EF332FD8221E749F003082B2 /* Controller */ = {
			isa = PBXGroup;
			children = (
				EF332FD9221E749F003082B2 /* HuoshanViewController.swift */,
			);
			path = Controller;
			sourceTree = "<group>";
		};
		EF332FDA221E749F003082B2 /* Model */ = {
			isa = PBXGroup;
			children = (
			);
			path = Model;
			sourceTree = "<group>";
		};
		EF332FDB221E749F003082B2 /* View */ = {
			isa = PBXGroup;
			children = (
			);
			path = View;
			sourceTree = "<group>";
		};
		EF332FDC221E749F003082B2 /* Others */ = {
			isa = PBXGroup;
			children = (
				7D2A73A222A6718B0087DC5F /* Theme */,
				EF332FDD221E749F003082B2 /* AppDelegate.swift */,
				EF332FDE221E749F003082B2 /* Info.plist */,
				7DFAF52222954C1600E4C5F9 /* Const.swift */,
				7DB8D78A22BA19B400A43619 /* settingPlist.plist */,
			);
			path = Others;
			sourceTree = "<group>";
		};
		EF332FDF221E749F003082B2 /* Mine */ = {
			isa = PBXGroup;
			children = (
				EF332FE0221E749F003082B2 /* Controller */,
				EF332FE2221E749F003082B2 /* Model */,
				EF332FE3221E749F003082B2 /* View */,
			);
			path = Mine;
			sourceTree = "<group>";
		};
		EF332FE0221E749F003082B2 /* Controller */ = {
			isa = PBXGroup;
			children = (
				EF332FE1221E749F003082B2 /* MineViewController.swift */,
				7D2A73A722A90D7D0087DC5F /* MoreLoginViewController.swift */,
				7D2A73A922A90E320087DC5F /* MoreLoginViewController.storyboard */,
				7DB8D78822BA0DDA00A43619 /* SettingViewController.swift */,
				7DCEBF2D22CDFFAA00437D67 /* OfflineDownloadController.swift */,
				7DB696012338B4F700CE7BE1 /* UserDetailViewController.swift */,
				7DB696022338B4F700CE7BE1 /* UserDetailViewController.xib */,
			);
			path = Controller;
			sourceTree = "<group>";
		};
		EF332FE2221E749F003082B2 /* Model */ = {
			isa = PBXGroup;
			children = (
				7D2A7384229F7F3E0087DC5F /* MyCellModel.swift */,
				7DB8D78C22BA2DA900A43619 /* SettingModel.swift */,
				7D189231236190FB00A9472B /* UserDetail.swift */,
			);
			path = Model;
			sourceTree = "<group>";
		};
		EF332FE3221E749F003082B2 /* View */ = {
			isa = PBXGroup;
			children = (
				7D2A7390229FB87A0087DC5F /* MyOtherCell.swift */,
				7D2A7391229FB87A0087DC5F /* MyOtherCell.xib */,
				7D2A7395229FDBB30087DC5F /* MyFisrtSectionCell.xib */,
				7D2A739822A508A00087DC5F /* MyConcernCell.swift */,
				7D2A739922A508A00087DC5F /* MyConcernCell.xib */,
				7D2A739C22A5FEF90087DC5F /* NoLoginHeaderView.swift */,
				7D2A739E22A5FF7F0087DC5F /* NoLoginHeaderView.xib */,
				7D04DFAC22C3750F0090C636 /* SettingCell.swift */,
				7D04DFAD22C3750F0090C636 /* SettingCell.xib */,
				7DCEBF2F22CE001100437D67 /* OfflineDownlaodCell.swift */,
				7DCEBF3022CE001100437D67 /* OfflineDownlaodCell.xib */,
				7D1DCC0922CF396E00119CB7 /* OfflineSectionHeader.swift */,
				7D13E4F1233B6556008976C8 /* UserDetailHeaderView.swift */,
				7D13E4F3233B6601008976C8 /* UserDetailHeaderView.xib */,
				7D18922F23617A4000A9472B /* MyFisrtSectionCell.swift */,
			);
			path = View;
			sourceTree = "<group>";
		};
		EF332FE4221E749F003082B2 /* Main */ = {
			isa = PBXGroup;
			children = (
				7DFAF52422954D9100E4C5F9 /* Extension */,
				7DFAF51B2295335100E4C5F9 /* Tools */,
				EF332FE5221E749F003082B2 /* Controller */,
				EF332FE8221E749F003082B2 /* Model */,
				EF332FE9221E749F003082B2 /* View */,
			);
			path = Main;
			sourceTree = "<group>";
		};
		EF332FE5221E749F003082B2 /* Controller */ = {
			isa = PBXGroup;
			children = (
				EF332FE6221E749F003082B2 /* MyTabBarController.swift */,
				EF332FE7221E749F003082B2 /* MyNavigationController.swift */,
			);
			path = Controller;
			sourceTree = "<group>";
		};
		EF332FE8221E749F003082B2 /* Model */ = {
			isa = PBXGroup;
			children = (
			);
			path = Model;
			sourceTree = "<group>";
		};
		EF332FE9221E749F003082B2 /* View */ = {
			isa = PBXGroup;
			children = (
				EF332FEA221E749F003082B2 /* MyTabBar.swift */,
			);
			path = View;
			sourceTree = "<group>";
		};
/* End PBXGroup section */

/* Begin PBXNativeTarget section */
		EF2505A0221E652000A4DD82 /* news */ = {
			isa = PBXNativeTarget;
			buildConfigurationList = EF2505C9221E652100A4DD82 /* Build configuration list for PBXNativeTarget "news" */;
			buildPhases = (
				CCFF4F4D56F08DA300446B2B /* [CP] Check Pods Manifest.lock */,
				EF25059D221E652000A4DD82 /* Sources */,
				EF25059E221E652000A4DD82 /* Frameworks */,
				EF25059F221E652000A4DD82 /* Resources */,
				799C6FA4222050ECF73D528E /* [CP] Embed Pods Frameworks */,
			);
			buildRules = (
			);
			dependencies = (
			);
			name = news;
			productName = news;
			productReference = EF2505A1221E652000A4DD82 /* news.app */;
			productType = "com.apple.product-type.application";
		};
		EF2505B4221E652100A4DD82 /* newsTests */ = {
			isa = PBXNativeTarget;
			buildConfigurationList = EF2505CC221E652100A4DD82 /* Build configuration list for PBXNativeTarget "newsTests" */;
			buildPhases = (
				EF2505B1221E652100A4DD82 /* Sources */,
				EF2505B2221E652100A4DD82 /* Frameworks */,
				EF2505B3221E652100A4DD82 /* Resources */,
			);
			buildRules = (
			);
			dependencies = (
				EF2505B7221E652100A4DD82 /* PBXTargetDependency */,
			);
			name = newsTests;
			productName = newsTests;
			productReference = EF2505B5221E652100A4DD82 /* newsTests.xctest */;
			productType = "com.apple.product-type.bundle.unit-test";
		};
		EF2505BF221E652100A4DD82 /* newsUITests */ = {
			isa = PBXNativeTarget;
			buildConfigurationList = EF2505CF221E652100A4DD82 /* Build configuration list for PBXNativeTarget "newsUITests" */;
			buildPhases = (
				EF2505BC221E652100A4DD82 /* Sources */,
				EF2505BD221E652100A4DD82 /* Frameworks */,
				EF2505BE221E652100A4DD82 /* Resources */,
			);
			buildRules = (
			);
			dependencies = (
				EF2505C2221E652100A4DD82 /* PBXTargetDependency */,
			);
			name = newsUITests;
			productName = newsUITests;
			productReference = EF2505C0221E652100A4DD82 /* newsUITests.xctest */;
			productType = "com.apple.product-type.bundle.ui-testing";
		};
/* End PBXNativeTarget section */

/* Begin PBXProject section */
		EF250599221E652000A4DD82 /* Project object */ = {
			isa = PBXProject;
			attributes = {
				LastSwiftUpdateCheck = 1010;
				LastUpgradeCheck = 1010;
				ORGANIZATIONNAME = lxd;
				TargetAttributes = {
					EF2505A0221E652000A4DD82 = {
						CreatedOnToolsVersion = 10.1;
					};
					EF2505B4221E652100A4DD82 = {
						CreatedOnToolsVersion = 10.1;
						TestTargetID = EF2505A0221E652000A4DD82;
					};
					EF2505BF221E652100A4DD82 = {
						CreatedOnToolsVersion = 10.1;
						TestTargetID = EF2505A0221E652000A4DD82;
					};
				};
			};
			buildConfigurationList = EF25059C221E652000A4DD82 /* Build configuration list for PBXProject "news" */;
			compatibilityVersion = "Xcode 9.3";
			developmentRegion = en;
			hasScannedForEncodings = 0;
			knownRegions = (
				en,
				Base,
			);
			mainGroup = EF250598221E652000A4DD82;
			productRefGroup = EF2505A2221E652000A4DD82 /* Products */;
			projectDirPath = "";
			projectRoot = "";
			targets = (
				EF2505A0221E652000A4DD82 /* news */,
				EF2505B4221E652100A4DD82 /* newsTests */,
				EF2505BF221E652100A4DD82 /* newsUITests */,
			);
		};
/* End PBXProject section */

/* Begin PBXResourcesBuildPhase section */
		EF25059F221E652000A4DD82 /* Resources */ = {
			isa = PBXResourcesBuildPhase;
			buildActionMask = 2147483647;
			files = (
				7D13E4F4233B6601008976C8 /* UserDetailHeaderView.xib in Resources */,
				7D2A73AA22A90E320087DC5F /* MoreLoginViewController.storyboard in Resources */,
				7D2A7393229FB87A0087DC5F /* MyOtherCell.xib in Resources */,
				EF2505AF221E652100A4DD82 /* LaunchScreen.storyboard in Resources */,
				7D2A7397229FDBB30087DC5F /* MyFisrtSectionCell.xib in Resources */,
				EF2505AC221E652100A4DD82 /* Assets.xcassets in Resources */,
				7DB8D78B22BA19B400A43619 /* settingPlist.plist in Resources */,
				7D2A73A422A6719E0087DC5F /* default_theme.plist in Resources */,
				7D2A739B22A508A00087DC5F /* MyConcernCell.xib in Resources */,
				7D2A73A622A671B60087DC5F /* night_theme.plist in Resources */,
				EF2505AA221E652000A4DD82 /* Main.storyboard in Resources */,
				7DCEBF3222CE001100437D67 /* OfflineDownlaodCell.xib in Resources */,
				7D04DFAF22C3750F0090C636 /* SettingCell.xib in Resources */,
				7DB696042338B4F700CE7BE1 /* UserDetailViewController.xib in Resources */,
				7D2A739F22A5FF7F0087DC5F /* NoLoginHeaderView.xib in Resources */,
			);
			runOnlyForDeploymentPostprocessing = 0;
		};
		EF2505B3221E652100A4DD82 /* Resources */ = {
			isa = PBXResourcesBuildPhase;
			buildActionMask = 2147483647;
			files = (
			);
			runOnlyForDeploymentPostprocessing = 0;
		};
		EF2505BE221E652100A4DD82 /* Resources */ = {
			isa = PBXResourcesBuildPhase;
			buildActionMask = 2147483647;
			files = (
			);
			runOnlyForDeploymentPostprocessing = 0;
		};
/* End PBXResourcesBuildPhase section */

/* Begin PBXShellScriptBuildPhase section */
		799C6FA4222050ECF73D528E /* [CP] Embed Pods Frameworks */ = {
			isa = PBXShellScriptBuildPhase;
			buildActionMask = 2147483647;
			files = (
			);
			inputFileListPaths = (
				"${PODS_ROOT}/Target Support Files/Pods-news/Pods-news-frameworks-${CONFIGURATION}-input-files.xcfilelist",
			);
			name = "[CP] Embed Pods Frameworks";
			outputFileListPaths = (
				"${PODS_ROOT}/Target Support Files/Pods-news/Pods-news-frameworks-${CONFIGURATION}-output-files.xcfilelist",
			);
			runOnlyForDeploymentPostprocessing = 0;
			shellPath = /bin/sh;
			shellScript = "\"${PODS_ROOT}/Target Support Files/Pods-news/Pods-news-frameworks.sh\"\n";
			showEnvVarsInLog = 0;
		};
		CCFF4F4D56F08DA300446B2B /* [CP] Check Pods Manifest.lock */ = {
			isa = PBXShellScriptBuildPhase;
			buildActionMask = 2147483647;
			files = (
			);
			inputPaths = (
				"${PODS_PODFILE_DIR_PATH}/Podfile.lock",
				"${PODS_ROOT}/Manifest.lock",
			);
			name = "[CP] Check Pods Manifest.lock";
			outputPaths = (
				"$(DERIVED_FILE_DIR)/Pods-news-checkManifestLockResult.txt",
			);
			runOnlyForDeploymentPostprocessing = 0;
			shellPath = /bin/sh;
			shellScript = "diff \"${PODS_PODFILE_DIR_PATH}/Podfile.lock\" \"${PODS_ROOT}/Manifest.lock\" > /dev/null\nif [ $? != 0 ] ; then\n    # print error to STDERR\n    echo \"error: The sandbox is not in sync with the Podfile.lock. Run 'pod install' or update your CocoaPods installation.\" >&2\n    exit 1\nfi\n# This output is used by Xcode 'outputs' to avoid re-running this script phase.\necho \"SUCCESS\" > \"${SCRIPT_OUTPUT_FILE_0}\"\n";
			showEnvVarsInLog = 0;
		};
/* End PBXShellScriptBuildPhase section */

/* Begin PBXSourcesBuildPhase section */
		EF25059D221E652000A4DD82 /* Sources */ = {
			isa = PBXSourcesBuildPhase;
			buildActionMask = 2147483647;
			files = (
				7DB8D78D22BA2DA900A43619 /* SettingModel.swift in Sources */,
				EF332FEE221E749F003082B2 /* AppDelegate.swift in Sources */,
				7D1DCC0C22CF3F5C00119CB7 /* SQLiteManager.swift in Sources */,
				7DFAF5212295372000E4C5F9 /* NetworkTool.swift in Sources */,
				EF332FEC221E749F003082B2 /* VideoViewController.swift in Sources */,
				EF332FEB221E749F003082B2 /* HomeViewController.swift in Sources */,
				7D1DCC0622CF35C100119CB7 /* HomeNewsTitle.swift in Sources */,
				7D2A739A22A508A00087DC5F /* MyConcernCell.swift in Sources */,
				EF332FF3221E749F003082B2 /* MyTabBar.swift in Sources */,
				EF332FED221E749F003082B2 /* HuoshanViewController.swift in Sources */,
				7DB696032338B4F700CE7BE1 /* UserDetailViewController.swift in Sources */,
				7DCEBF2E22CDFFAA00437D67 /* OfflineDownloadController.swift in Sources */,
				EF332FF2221E749F003082B2 /* MyNavigationController.swift in Sources */,
				7D2A7385229F7F3E0087DC5F /* MyCellModel.swift in Sources */,
				7D04DFAE22C3750F0090C636 /* SettingCell.swift in Sources */,
				7D2A7392229FB87A0087DC5F /* MyOtherCell.swift in Sources */,
				7DFAF52B22954D9200E4C5F9 /* UIKit+Extension.swift in Sources */,
				7D2A739D22A5FEF90087DC5F /* NoLoginHeaderView.swift in Sources */,
				7D2629512366CFC8002234D6 /* NewsModel.swift in Sources */,
				7D26294F2366CF10002234D6 /* Calculate.swift in Sources */,
				7D2A73A822A90D7E0087DC5F /* MoreLoginViewController.swift in Sources */,
				EF332FF0221E749F003082B2 /* MineViewController.swift in Sources */,
				7D2A73A122A66FE00087DC5F /* MyTheme.swift in Sources */,
				7D2629552366D379002234D6 /* Foundation+Extension.swift in Sources */,
				7DB8D78922BA0DDA00A43619 /* SettingViewController.swift in Sources */,
				EF332FF1221E749F003082B2 /* MyTabBarController.swift in Sources */,
				7D1DCC0A22CF396E00119CB7 /* OfflineSectionHeader.swift in Sources */,
				7D2629532366D03F002234D6 /* Emoji.swift in Sources */,
				7DFAF52322954C1600E4C5F9 /* Const.swift in Sources */,
				7DCEBF3122CE001100437D67 /* OfflineDownlaodCell.swift in Sources */,
				7D13E4F2233B6556008976C8 /* UserDetailHeaderView.swift in Sources */,
				7D18923023617A4000A9472B /* MyFisrtSectionCell.swift in Sources */,
				7D189232236190FB00A9472B /* UserDetail.swift in Sources */,
			);
			runOnlyForDeploymentPostprocessing = 0;
		};
		EF2505B1221E652100A4DD82 /* Sources */ = {
			isa = PBXSourcesBuildPhase;
			buildActionMask = 2147483647;
			files = (
				EF2505BA221E652100A4DD82 /* newsTests.swift in Sources */,
			);
			runOnlyForDeploymentPostprocessing = 0;
		};
		EF2505BC221E652100A4DD82 /* Sources */ = {
			isa = PBXSourcesBuildPhase;
			buildActionMask = 2147483647;
			files = (
				EF2505C5221E652100A4DD82 /* newsUITests.swift in Sources */,
			);
			runOnlyForDeploymentPostprocessing = 0;
		};
/* End PBXSourcesBuildPhase section */

/* Begin PBXTargetDependency section */
		EF2505B7221E652100A4DD82 /* PBXTargetDependency */ = {
			isa = PBXTargetDependency;
			target = EF2505A0221E652000A4DD82 /* news */;
			targetProxy = EF2505B6221E652100A4DD82 /* PBXContainerItemProxy */;
		};
		EF2505C2221E652100A4DD82 /* PBXTargetDependency */ = {
			isa = PBXTargetDependency;
			target = EF2505A0221E652000A4DD82 /* news */;
			targetProxy = EF2505C1221E652100A4DD82 /* PBXContainerItemProxy */;
		};
/* End PBXTargetDependency section */

/* Begin PBXVariantGroup section */
		EF2505A8221E652000A4DD82 /* Main.storyboard */ = {
			isa = PBXVariantGroup;
			children = (
				EF2505A9221E652000A4DD82 /* Base */,
			);
			name = Main.storyboard;
			sourceTree = "<group>";
		};
		EF2505AD221E652100A4DD82 /* LaunchScreen.storyboard */ = {
			isa = PBXVariantGroup;
			children = (
				EF2505AE221E652100A4DD82 /* Base */,
			);
			name = LaunchScreen.storyboard;
			sourceTree = "<group>";
		};
/* End PBXVariantGroup section */

/* Begin XCBuildConfiguration section */
		EF2505C7221E652100A4DD82 /* Debug */ = {
			isa = XCBuildConfiguration;
			buildSettings = {
				ALWAYS_SEARCH_USER_PATHS = NO;
				CLANG_ANALYZER_NONNULL = YES;
				CLANG_ANALYZER_NUMBER_OBJECT_CONVERSION = YES_AGGRESSIVE;
				CLANG_CXX_LANGUAGE_STANDARD = "gnu++14";
				CLANG_CXX_LIBRARY = "libc++";
				CLANG_ENABLE_MODULES = YES;
				CLANG_ENABLE_OBJC_ARC = YES;
				CLANG_ENABLE_OBJC_WEAK = YES;
				CLANG_WARN_BLOCK_CAPTURE_AUTORELEASING = YES;
				CLANG_WARN_BOOL_CONVERSION = YES;
				CLANG_WARN_COMMA = YES;
				CLANG_WARN_CONSTANT_CONVERSION = YES;
				CLANG_WARN_DEPRECATED_OBJC_IMPLEMENTATIONS = YES;
				CLANG_WARN_DIRECT_OBJC_ISA_USAGE = YES_ERROR;
				CLANG_WARN_DOCUMENTATION_COMMENTS = YES;
				CLANG_WARN_EMPTY_BODY = YES;
				CLANG_WARN_ENUM_CONVERSION = YES;
				CLANG_WARN_INFINITE_RECURSION = YES;
				CLANG_WARN_INT_CONVERSION = YES;
				CLANG_WARN_NON_LITERAL_NULL_CONVERSION = YES;
				CLANG_WARN_OBJC_IMPLICIT_RETAIN_SELF = YES;
				CLANG_WARN_OBJC_LITERAL_CONVERSION = YES;
				CLANG_WARN_OBJC_ROOT_CLASS = YES_ERROR;
				CLANG_WARN_RANGE_LOOP_ANALYSIS = YES;
				CLANG_WARN_STRICT_PROTOTYPES = YES;
				CLANG_WARN_SUSPICIOUS_MOVE = YES;
				CLANG_WARN_UNGUARDED_AVAILABILITY = YES_AGGRESSIVE;
				CLANG_WARN_UNREACHABLE_CODE = YES;
				CLANG_WARN__DUPLICATE_METHOD_MATCH = YES;
				CODE_SIGN_IDENTITY = "iPhone Developer";
				COPY_PHASE_STRIP = NO;
				DEBUG_INFORMATION_FORMAT = dwarf;
				ENABLE_STRICT_OBJC_MSGSEND = YES;
				ENABLE_TESTABILITY = YES;
				GCC_C_LANGUAGE_STANDARD = gnu11;
				GCC_DYNAMIC_NO_PIC = NO;
				GCC_NO_COMMON_BLOCKS = YES;
				GCC_OPTIMIZATION_LEVEL = 0;
				GCC_PREPROCESSOR_DEFINITIONS = (
					"DEBUG=1",
					"$(inherited)",
				);
				GCC_WARN_64_TO_32_BIT_CONVERSION = YES;
				GCC_WARN_ABOUT_RETURN_TYPE = YES_ERROR;
				GCC_WARN_UNDECLARED_SELECTOR = YES;
				GCC_WARN_UNINITIALIZED_AUTOS = YES_AGGRESSIVE;
				GCC_WARN_UNUSED_FUNCTION = YES;
				GCC_WARN_UNUSED_VARIABLE = YES;
				IPHONEOS_DEPLOYMENT_TARGET = 9.0;
				MTL_ENABLE_DEBUG_INFO = INCLUDE_SOURCE;
				MTL_FAST_MATH = YES;
				ONLY_ACTIVE_ARCH = YES;
				SDKROOT = iphoneos;
				SWIFT_ACTIVE_COMPILATION_CONDITIONS = DEBUG;
				SWIFT_OPTIMIZATION_LEVEL = "-Onone";
			};
			name = Debug;
		};
		EF2505C8221E652100A4DD82 /* Release */ = {
			isa = XCBuildConfiguration;
			buildSettings = {
				ALWAYS_SEARCH_USER_PATHS = NO;
				CLANG_ANALYZER_NONNULL = YES;
				CLANG_ANALYZER_NUMBER_OBJECT_CONVERSION = YES_AGGRESSIVE;
				CLANG_CXX_LANGUAGE_STANDARD = "gnu++14";
				CLANG_CXX_LIBRARY = "libc++";
				CLANG_ENABLE_MODULES = YES;
				CLANG_ENABLE_OBJC_ARC = YES;
				CLANG_ENABLE_OBJC_WEAK = YES;
				CLANG_WARN_BLOCK_CAPTURE_AUTORELEASING = YES;
				CLANG_WARN_BOOL_CONVERSION = YES;
				CLANG_WARN_COMMA = YES;
				CLANG_WARN_CONSTANT_CONVERSION = YES;
				CLANG_WARN_DEPRECATED_OBJC_IMPLEMENTATIONS = YES;
				CLANG_WARN_DIRECT_OBJC_ISA_USAGE = YES_ERROR;
				CLANG_WARN_DOCUMENTATION_COMMENTS = YES;
				CLANG_WARN_EMPTY_BODY = YES;
				CLANG_WARN_ENUM_CONVERSION = YES;
				CLANG_WARN_INFINITE_RECURSION = YES;
				CLANG_WARN_INT_CONVERSION = YES;
				CLANG_WARN_NON_LITERAL_NULL_CONVERSION = YES;
				CLANG_WARN_OBJC_IMPLICIT_RETAIN_SELF = YES;
				CLANG_WARN_OBJC_LITERAL_CONVERSION = YES;
				CLANG_WARN_OBJC_ROOT_CLASS = YES_ERROR;
				CLANG_WARN_RANGE_LOOP_ANALYSIS = YES;
				CLANG_WARN_STRICT_PROTOTYPES = YES;
				CLANG_WARN_SUSPICIOUS_MOVE = YES;
				CLANG_WARN_UNGUARDED_AVAILABILITY = YES_AGGRESSIVE;
				CLANG_WARN_UNREACHABLE_CODE = YES;
				CLANG_WARN__DUPLICATE_METHOD_MATCH = YES;
				CODE_SIGN_IDENTITY = "iPhone Developer";
				COPY_PHASE_STRIP = NO;
				DEBUG_INFORMATION_FORMAT = "dwarf-with-dsym";
				ENABLE_NS_ASSERTIONS = NO;
				ENABLE_STRICT_OBJC_MSGSEND = YES;
				GCC_C_LANGUAGE_STANDARD = gnu11;
				GCC_NO_COMMON_BLOCKS = YES;
				GCC_WARN_64_TO_32_BIT_CONVERSION = YES;
				GCC_WARN_ABOUT_RETURN_TYPE = YES_ERROR;
				GCC_WARN_UNDECLARED_SELECTOR = YES;
				GCC_WARN_UNINITIALIZED_AUTOS = YES_AGGRESSIVE;
				GCC_WARN_UNUSED_FUNCTION = YES;
				GCC_WARN_UNUSED_VARIABLE = YES;
				IPHONEOS_DEPLOYMENT_TARGET = 9.0;
				MTL_ENABLE_DEBUG_INFO = NO;
				MTL_FAST_MATH = YES;
				SDKROOT = iphoneos;
				SWIFT_COMPILATION_MODE = wholemodule;
				SWIFT_OPTIMIZATION_LEVEL = "-O";
				VALIDATE_PRODUCT = YES;
			};
			name = Release;
		};
		EF2505CA221E652100A4DD82 /* Debug */ = {
			isa = XCBuildConfiguration;
			baseConfigurationReference = 0D3868653846BC3451C8C1EB /* Pods-news.debug.xcconfig */;
			buildSettings = {
				ASSETCATALOG_COMPILER_APPICON_NAME = AppIcon;
				CODE_SIGN_STYLE = Automatic;
				DEVELOPMENT_TEAM = RQW526M45R;
				INFOPLIST_FILE = "$(SRCROOT)/news/Classes/Others/Info.plist";
				IPHONEOS_DEPLOYMENT_TARGET = 10.0;
				LD_RUNPATH_SEARCH_PATHS = (
					"$(inherited)",
					"@executable_path/Frameworks",
				);
				PRODUCT_BUNDLE_IDENTIFIER = lxd.news;
				PRODUCT_NAME = "$(TARGET_NAME)";
				SWIFT_VERSION = 4.2;
				TARGETED_DEVICE_FAMILY = 1;
			};
			name = Debug;
		};
		EF2505CB221E652100A4DD82 /* Release */ = {
			isa = XCBuildConfiguration;
			baseConfigurationReference = 32325F36FE8F9EB28A38750C /* Pods-news.release.xcconfig */;
			buildSettings = {
				ASSETCATALOG_COMPILER_APPICON_NAME = AppIcon;
				CODE_SIGN_STYLE = Automatic;
				DEVELOPMENT_TEAM = RQW526M45R;
				INFOPLIST_FILE = "$(SRCROOT)/news/Classes/Others/Info.plist";
				IPHONEOS_DEPLOYMENT_TARGET = 10.0;
				LD_RUNPATH_SEARCH_PATHS = (
					"$(inherited)",
					"@executable_path/Frameworks",
				);
				PRODUCT_BUNDLE_IDENTIFIER = lxd.news;
				PRODUCT_NAME = "$(TARGET_NAME)";
				SWIFT_VERSION = 4.2;
				TARGETED_DEVICE_FAMILY = 1;
			};
			name = Release;
		};
		EF2505CD221E652100A4DD82 /* Debug */ = {
			isa = XCBuildConfiguration;
			buildSettings = {
				ALWAYS_EMBED_SWIFT_STANDARD_LIBRARIES = YES;
				BUNDLE_LOADER = "$(TEST_HOST)";
				CODE_SIGN_STYLE = Automatic;
				DEVELOPMENT_TEAM = K2VBE95LX6;
				INFOPLIST_FILE = newsTests/Info.plist;
				LD_RUNPATH_SEARCH_PATHS = (
					"$(inherited)",
					"@executable_path/Frameworks",
					"@loader_path/Frameworks",
				);
				PRODUCT_BUNDLE_IDENTIFIER = lxd.newsTests;
				PRODUCT_NAME = "$(TARGET_NAME)";
				SWIFT_VERSION = 4.2;
				TARGETED_DEVICE_FAMILY = "1,2";
				TEST_HOST = "$(BUILT_PRODUCTS_DIR)/news.app/news";
			};
			name = Debug;
		};
		EF2505CE221E652100A4DD82 /* Release */ = {
			isa = XCBuildConfiguration;
			buildSettings = {
				ALWAYS_EMBED_SWIFT_STANDARD_LIBRARIES = YES;
				BUNDLE_LOADER = "$(TEST_HOST)";
				CODE_SIGN_STYLE = Automatic;
				DEVELOPMENT_TEAM = K2VBE95LX6;
				INFOPLIST_FILE = newsTests/Info.plist;
				LD_RUNPATH_SEARCH_PATHS = (
					"$(inherited)",
					"@executable_path/Frameworks",
					"@loader_path/Frameworks",
				);
				PRODUCT_BUNDLE_IDENTIFIER = lxd.newsTests;
				PRODUCT_NAME = "$(TARGET_NAME)";
				SWIFT_VERSION = 4.2;
				TARGETED_DEVICE_FAMILY = "1,2";
				TEST_HOST = "$(BUILT_PRODUCTS_DIR)/news.app/news";
			};
			name = Release;
		};
		EF2505D0221E652100A4DD82 /* Debug */ = {
			isa = XCBuildConfiguration;
			buildSettings = {
				ALWAYS_EMBED_SWIFT_STANDARD_LIBRARIES = YES;
				CODE_SIGN_STYLE = Automatic;
				DEVELOPMENT_TEAM = K2VBE95LX6;
				INFOPLIST_FILE = newsUITests/Info.plist;
				LD_RUNPATH_SEARCH_PATHS = (
					"$(inherited)",
					"@executable_path/Frameworks",
					"@loader_path/Frameworks",
				);
				PRODUCT_BUNDLE_IDENTIFIER = lxd.newsUITests;
				PRODUCT_NAME = "$(TARGET_NAME)";
				SWIFT_VERSION = 4.2;
				TARGETED_DEVICE_FAMILY = "1,2";
				TEST_TARGET_NAME = news;
			};
			name = Debug;
		};
		EF2505D1221E652100A4DD82 /* Release */ = {
			isa = XCBuildConfiguration;
			buildSettings = {
				ALWAYS_EMBED_SWIFT_STANDARD_LIBRARIES = YES;
				CODE_SIGN_STYLE = Automatic;
				DEVELOPMENT_TEAM = K2VBE95LX6;
				INFOPLIST_FILE = newsUITests/Info.plist;
				LD_RUNPATH_SEARCH_PATHS = (
					"$(inherited)",
					"@executable_path/Frameworks",
					"@loader_path/Frameworks",
				);
				PRODUCT_BUNDLE_IDENTIFIER = lxd.newsUITests;
				PRODUCT_NAME = "$(TARGET_NAME)";
				SWIFT_VERSION = 4.2;
				TARGETED_DEVICE_FAMILY = "1,2";
				TEST_TARGET_NAME = news;
			};
			name = Release;
		};
/* End XCBuildConfiguration section */

/* Begin XCConfigurationList section */
		EF25059C221E652000A4DD82 /* Build configuration list for PBXProject "news" */ = {
			isa = XCConfigurationList;
			buildConfigurations = (
				EF2505C7221E652100A4DD82 /* Debug */,
				EF2505C8221E652100A4DD82 /* Release */,
			);
			defaultConfigurationIsVisible = 0;
			defaultConfigurationName = Debug;
		};
		EF2505C9221E652100A4DD82 /* Build configuration list for PBXNativeTarget "news" */ = {
			isa = XCConfigurationList;
			buildConfigurations = (
				EF2505CA221E652100A4DD82 /* Debug */,
				EF2505CB221E652100A4DD82 /* Release */,
			);
			defaultConfigurationIsVisible = 0;
			defaultConfigurationName = Debug;
		};
		EF2505CC221E652100A4DD82 /* Build configuration list for PBXNativeTarget "newsTests" */ = {
			isa = XCConfigurationList;
			buildConfigurations = (
				EF2505CD221E652100A4DD82 /* Debug */,
				EF2505CE221E652100A4DD82 /* Release */,
			);
			defaultConfigurationIsVisible = 0;
			defaultConfigurationName = Debug;
		};
		EF2505CF221E652100A4DD82 /* Build configuration list for PBXNativeTarget "newsUITests" */ = {
			isa = XCConfigurationList;
			buildConfigurations = (
				EF2505D0221E652100A4DD82 /* Debug */,
				EF2505D1221E652100A4DD82 /* Release */,
			);
			defaultConfigurationIsVisible = 0;
			defaultConfigurationName = Debug;
		};
/* End XCConfigurationList section */
	};
	rootObject = EF250599221E652000A4DD82 /* Project object */;
}
